
Microsoft Visual Studio Solution File, Format Version 12.00
# Visual Studio Version 17
VisualStudioVersion = 17.10.34928.147
MinimumVisualStudioVersion = 10.0.40219.1
Project("{FAE04EC0-301F-11D3-BF4B-00C04F79EFBC}") = "WebApplica", "WebApplica\WebApplica.csproj", "{B6EEE62E-BEC9-470A-B541-C7C0D287E01A}"
EndProject
Global
	GlobalSection(SolutionConfigurationPlatforms) = preSolution
		Debug|Any CPU = Debug|Any CPU
		Release|Any CPU = Release|Any CPU
	EndGlobalSection
	GlobalSection(ProjectConfigurationPlatforms) = postSolution
		{B6EEE62E-BEC9-470A-B541-C7C0D287E01A}.Debug|Any CPU.ActiveCfg = Debug|Any CPU
		{B6EEE62E-BEC9-470A-B541-C7C0D287E01A}.Debug|Any CPU.Build.0 = Debug|Any CPU
		{B6EEE62E-BEC9-470A-B541-C7C0D287E01A}.Release|Any CPU.ActiveCfg = Release|Any CPU
		{B6EEE62E-BEC9-470A-B541-C7C0D287E01A}.Release|Any CPU.Build.0 = Release|Any CPU
	EndGlobalSection
	GlobalSection(SolutionProperties) = preSolution
		HideSolutionNode = FALSE
	EndGlobalSection
	GlobalSection(ExtensibilityGlobals) = postSolution
		SolutionGuid = {001C4076-7EDB-4DE4-BFE7-7D5CF5888611}
	EndGlobalSection
EndGlobal
